
Microsoft Visual Studio Solution File, Format Version 12.00
# Visual Studio Version 17
VisualStudioVersion = 17.13.35931.197 d17.13
MinimumVisualStudioVersion = 10.0.40219.1
Project("{FAE04EC0-301F-11D3-BF4B-00C04F79EFBC}") = "Final Exam Review 2 Loops", "Final Exam Review 2 Loops\Final Exam Review 2 Loops.csproj", "{4B510BB2-96F0-4FDC-B40D-DFD3E93120A4}"
EndProject
Global
	GlobalSection(SolutionConfigurationPlatforms) = preSolution
		Debug|Any CPU = Debug|Any CPU
		Release|Any CPU = Release|Any CPU
	EndGlobalSection
	GlobalSection(ProjectConfigurationPlatforms) = postSolution
		{4B510BB2-96F0-4FDC-B40D-DFD3E93120A4}.Debug|Any CPU.ActiveCfg = Debug|Any CPU
		{4B510BB2-96F0-4FDC-B40D-DFD3E93120A4}.Debug|Any CPU.Build.0 = Debug|Any CPU
		{4B510BB2-96F0-4FDC-B40D-DFD3E93120A4}.Release|Any CPU.ActiveCfg = Release|Any CPU
		{4B510BB2-96F0-4FDC-B40D-DFD3E93120A4}.Release|Any CPU.Build.0 = Release|Any CPU
	EndGlobalSection
	GlobalSection(SolutionProperties) = preSolution
		HideSolutionNode = FALSE
	EndGlobalSection
	GlobalSection(ExtensibilityGlobals) = postSolution
		SolutionGuid = {C5492598-1F2E-4242-BAB6-619C6D930071}
	EndGlobalSection
EndGlobal
